{
  "requires": true,
  "lockfileVersion": 1,
  "dependencies": {
    "select-pure": {
      "version": "0.6.1",
      "resolved": "https://registry.npmjs.org/select-pure/-/select-pure-0.6.1.tgz",
      "integrity": "sha512-YA9v9pYZTBMxX+G3irBi0aHM7rMelxS6wW2wntSULDjq4K333HxqJI3CdcPjtSwN30sIKeRYekkIfbsocOGpjg=="
    }
  }
}
